
Microsoft Visual Studio Solution File, Format Version 12.00
# Visual Studio Version 16
VisualStudioVersion = 16.0.31702.278
MinimumVisualStudioVersion = 10.0.40219.1
Project("{9A19103F-16F7-4668-BE54-9A1E7A4F7556}") = "ClassLibrary", "ClassLibrary\ClassLibrary.csproj", "{55C64FA9-DD8C-4B55-A1C0-E9C1DC7158FD}"
EndProject
Project("{9A19103F-16F7-4668-BE54-9A1E7A4F7556}") = "FlightDataItems", "FlightDataItems\FlightDataItems.csproj", "{65B739C4-37D6-4F7C-A556-D42C56DB92DD}"
EndProject
Project("{9A19103F-16F7-4668-BE54-9A1E7A4F7556}") = "AsterixDecoder", "AsterixDecoder\AsterixDecoder.csproj", "{16B2AD8B-21EC-4CBD-B24F-2422BAD61153}"
EndProject
Project("{FAE04EC0-301F-11D3-BF4B-00C04F79EFBC}") = "ConsoleApp1", "ConsoleApp1\ConsoleApp1.csproj", "{19282DEB-1F2D-430C-BD13-742CFA3588A5}"
EndProject
Global
	GlobalSection(SolutionConfigurationPlatforms) = preSolution
		Debug|Any CPU = Debug|Any CPU
		Release|Any CPU = Release|Any CPU
	EndGlobalSection
	GlobalSection(ProjectConfigurationPlatforms) = postSolution
		{55C64FA9-DD8C-4B55-A1C0-E9C1DC7158FD}.Debug|Any CPU.ActiveCfg = Debug|Any CPU
		{55C64FA9-DD8C-4B55-A1C0-E9C1DC7158FD}.Debug|Any CPU.Build.0 = Debug|Any CPU
		{55C64FA9-DD8C-4B55-A1C0-E9C1DC7158FD}.Release|Any CPU.ActiveCfg = Release|Any CPU
		{55C64FA9-DD8C-4B55-A1C0-E9C1DC7158FD}.Release|Any CPU.Build.0 = Release|Any CPU
		{65B739C4-37D6-4F7C-A556-D42C56DB92DD}.Debug|Any CPU.ActiveCfg = Debug|Any CPU
		{65B739C4-37D6-4F7C-A556-D42C56DB92DD}.Debug|Any CPU.Build.0 = Debug|Any CPU
		{65B739C4-37D6-4F7C-A556-D42C56DB92DD}.Release|Any CPU.ActiveCfg = Release|Any CPU
		{65B739C4-37D6-4F7C-A556-D42C56DB92DD}.Release|Any CPU.Build.0 = Release|Any CPU
		{16B2AD8B-21EC-4CBD-B24F-2422BAD61153}.Debug|Any CPU.ActiveCfg = Debug|Any CPU
		{16B2AD8B-21EC-4CBD-B24F-2422BAD61153}.Debug|Any CPU.Build.0 = Debug|Any CPU
		{16B2AD8B-21EC-4CBD-B24F-2422BAD61153}.Release|Any CPU.ActiveCfg = Release|Any CPU
		{16B2AD8B-21EC-4CBD-B24F-2422BAD61153}.Release|Any CPU.Build.0 = Release|Any CPU
		{19282DEB-1F2D-430C-BD13-742CFA3588A5}.Debug|Any CPU.ActiveCfg = Debug|Any CPU
		{19282DEB-1F2D-430C-BD13-742CFA3588A5}.Debug|Any CPU.Build.0 = Debug|Any CPU
		{19282DEB-1F2D-430C-BD13-742CFA3588A5}.Release|Any CPU.ActiveCfg = Release|Any CPU
		{19282DEB-1F2D-430C-BD13-742CFA3588A5}.Release|Any CPU.Build.0 = Release|Any CPU
	EndGlobalSection
	GlobalSection(SolutionProperties) = preSolution
		HideSolutionNode = FALSE
	EndGlobalSection
	GlobalSection(ExtensibilityGlobals) = postSolution
		SolutionGuid = {C2013BCD-BF28-4117-9EE6-BC4545A24B36}
	EndGlobalSection
EndGlobal
